
Microsoft Visual Studio Solution File, Format Version 9.00
# Visual Studio 2005
Project("{FAE04EC0-301F-11D3-BF4B-00C04F79EFBC}") = "HatCMS.Domain.Test", "HatCMS.Domain.Test.csproj", "{CE231573-AB34-466D-9A9B-5663578E74AB}"
EndProject
Global
	GlobalSection(SolutionConfigurationPlatforms) = preSolution
		Debug|Any CPU = Debug|Any CPU
		Debug|x86 = Debug|x86
		Release|Any CPU = Release|Any CPU
		Release|x86 = Release|x86
	EndGlobalSection
	GlobalSection(ProjectConfigurationPlatforms) = postSolution
		{CE231573-AB34-466D-9A9B-5663578E74AB}.Debug|Any CPU.ActiveCfg = Debug|Any CPU
		{CE231573-AB34-466D-9A9B-5663578E74AB}.Debug|Any CPU.Build.0 = Debug|Any CPU
		{CE231573-AB34-466D-9A9B-5663578E74AB}.Debug|x86.ActiveCfg = Debug|Any CPU
		{CE231573-AB34-466D-9A9B-5663578E74AB}.Release|Any CPU.ActiveCfg = Release|Any CPU
		{CE231573-AB34-466D-9A9B-5663578E74AB}.Release|Any CPU.Build.0 = Release|Any CPU
		{CE231573-AB34-466D-9A9B-5663578E74AB}.Release|x86.ActiveCfg = Release|Any CPU
	EndGlobalSection
	GlobalSection(SolutionProperties) = preSolution
		HideSolutionNode = FALSE
	EndGlobalSection
EndGlobal
